// !$*UTF8*$!
{
	archiveVersion = 1;
	classes = {
	};
	objectVersion = 50;
	objects = {

/* Begin PBXBuildFile section */
		52AF602F21955F0000232132 /* AppDelegate.m in Sources */ = {isa = PBXBuildFile; fileRef = 52AF602E21955F0000232132 /* AppDelegate.m */; };
		52AF603221955F0000232132 /* ViewController.m in Sources */ = {isa = PBXBuildFile; fileRef = 52AF603121955F0000232132 /* ViewController.m */; };
		52AF603521955F0000232132 /* Main.storyboard in Resources */ = {isa = PBXBuildFile; fileRef = 52AF603321955F0000232132 /* Main.storyboard */; };
		52AF603721955F0200232132 /* Assets.xcassets in Resources */ = {isa = PBXBuildFile; fileRef = 52AF603621955F0200232132 /* Assets.xcassets */; };
		52AF603A21955F0200232132 /* LaunchScreen.storyboard in Resources */ = {isa = PBXBuildFile; fileRef = 52AF603821955F0200232132 /* LaunchScreen.storyboard */; };
		52AF603D21955F0200232132 /* main.m in Sources */ = {isa = PBXBuildFile; fileRef = 52AF603C21955F0200232132 /* main.m */; };
		52AF604721955F0200232132 /* SPProgressViewTests.m in Sources */ = {isa = PBXBuildFile; fileRef = 52AF604621955F0200232132 /* SPProgressViewTests.m */; };
		52AF605221955F0200232132 /* SPProgressViewUITests.m in Sources */ = {isa = PBXBuildFile; fileRef = 52AF605121955F0200232132 /* SPProgressViewUITests.m */; };
		52AF60622195621900232132 /* SPBarProgressView.m in Sources */ = {isa = PBXBuildFile; fileRef = 52AF60612195621900232132 /* SPBarProgressView.m */; };
		52AF606B219576BB00232132 /* MBProgressHUD.m in Sources */ = {isa = PBXBuildFile; fileRef = 52AF6067219576BB00232132 /* MBProgressHUD.m */; };
		52AF606C219576BB00232132 /* LICENSE in Resources */ = {isa = PBXBuildFile; fileRef = 52AF6068219576BB00232132 /* LICENSE */; };
		52AF606D219576BB00232132 /* README.mdown in Resources */ = {isa = PBXBuildFile; fileRef = 52AF606A219576BB00232132 /* README.mdown */; };
/* End PBXBuildFile section */

/* Begin PBXContainerItemProxy section */
		52AF604321955F0200232132 /* PBXContainerItemProxy */ = {
			isa = PBXContainerItemProxy;
			containerPortal = 52AF602221955F0000232132 /* Project object */;
			proxyType = 1;
			remoteGlobalIDString = 52AF602921955F0000232132;
			remoteInfo = SPProgressView;
		};
		52AF604E21955F0200232132 /* PBXContainerItemProxy */ = {
			isa = PBXContainerItemProxy;
			containerPortal = 52AF602221955F0000232132 /* Project object */;
			proxyType = 1;
			remoteGlobalIDString = 52AF602921955F0000232132;
			remoteInfo = SPProgressView;
		};
/* End PBXContainerItemProxy section */

/* Begin PBXFileReference section */
		52AF602A21955F0000232132 /* SPProgressView.app */ = {isa = PBXFileReference; explicitFileType = wrapper.application; includeInIndex = 0; path = SPProgressView.app; sourceTree = BUILT_PRODUCTS_DIR; };
		52AF602D21955F0000232132 /* AppDelegate.h */ = {isa = PBXFileReference; lastKnownFileType = sourcecode.c.h; path = AppDelegate.h; sourceTree = "<group>"; };
		52AF602E21955F0000232132 /* AppDelegate.m */ = {isa = PBXFileReference; lastKnownFileType = sourcecode.c.objc; path = AppDelegate.m; sourceTree = "<group>"; };
		52AF603021955F0000232132 /* ViewController.h */ = {isa = PBXFileReference; lastKnownFileType = sourcecode.c.h; path = ViewController.h; sourceTree = "<group>"; };
		52AF603121955F0000232132 /* ViewController.m */ = {isa = PBXFileReference; lastKnownFileType = sourcecode.c.objc; path = ViewController.m; sourceTree = "<group>"; };
		52AF603421955F0000232132 /* Base */ = {isa = PBXFileReference; lastKnownFileType = file.storyboard; name = Base; path = Base.lproj/Main.storyboard; sourceTree = "<group>"; };
		52AF603621955F0200232132 /* Assets.xcassets */ = {isa = PBXFileReference; lastKnownFileType = folder.assetcatalog; path = Assets.xcassets; sourceTree = "<group>"; };
		52AF603921955F0200232132 /* Base */ = {isa = PBXFileReference; lastKnownFileType = file.storyboard; name = Base; path = Base.lproj/LaunchScreen.storyboard; sourceTree = "<group>"; };
		52AF603B21955F0200232132 /* Info.plist */ = {isa = PBXFileReference; lastKnownFileType = text.plist.xml; path = Info.plist; sourceTree = "<group>"; };
		52AF603C21955F0200232132 /* main.m */ = {isa = PBXFileReference; lastKnownFileType = sourcecode.c.objc; path = main.m; sourceTree = "<group>"; };
		52AF604221955F0200232132 /* SPProgressViewTests.xctest */ = {isa = PBXFileReference; explicitFileType = wrapper.cfbundle; includeInIndex = 0; path = SPProgressViewTests.xctest; sourceTree = BUILT_PRODUCTS_DIR; };
		52AF604621955F0200232132 /* SPProgressViewTests.m */ = {isa = PBXFileReference; lastKnownFileType = sourcecode.c.objc; path = SPProgressViewTests.m; sourceTree = "<group>"; };
		52AF604821955F0200232132 /* Info.plist */ = {isa = PBXFileReference; lastKnownFileType = text.plist.xml; path = Info.plist; sourceTree = "<group>"; };
		52AF604D21955F0200232132 /* SPProgressViewUITests.xctest */ = {isa = PBXFileReference; explicitFileType = wrapper.cfbundle; includeInIndex = 0; path = SPProgressViewUITests.xctest; sourceTree = BUILT_PRODUCTS_DIR; };
		52AF605121955F0200232132 /* SPProgressViewUITests.m */ = {isa = PBXFileReference; lastKnownFileType = sourcecode.c.objc; path = SPProgressViewUITests.m; sourceTree = "<group>"; };
		52AF605321955F0200232132 /* Info.plist */ = {isa = PBXFileReference; lastKnownFileType = text.plist.xml; path = Info.plist; sourceTree = "<group>"; };
		52AF60602195621900232132 /* SPBarProgressView.h */ = {isa = PBXFileReference; fileEncoding = 4; lastKnownFileType = sourcecode.c.h; path = SPBarProgressView.h; sourceTree = "<group>"; };
		52AF60612195621900232132 /* SPBarProgressView.m */ = {isa = PBXFileReference; fileEncoding = 4; lastKnownFileType = sourcecode.c.objc; path = SPBarProgressView.m; sourceTree = "<group>"; };
		52AF6067219576BB00232132 /* MBProgressHUD.m */ = {isa = PBXFileReference; fileEncoding = 4; lastKnownFileType = sourcecode.c.objc; path = MBProgressHUD.m; sourceTree = "<group>"; };
		52AF6068219576BB00232132 /* LICENSE */ = {isa = PBXFileReference; fileEncoding = 4; lastKnownFileType = text; path = LICENSE; sourceTree = "<group>"; };
		52AF6069219576BB00232132 /* MBProgressHUD.h */ = {isa = PBXFileReference; fileEncoding = 4; lastKnownFileType = sourcecode.c.h; path = MBProgressHUD.h; sourceTree = "<group>"; };
		52AF606A219576BB00232132 /* README.mdown */ = {isa = PBXFileReference; fileEncoding = 4; lastKnownFileType = net.daringfireball.markdown; path = README.mdown; sourceTree = "<group>"; };
/* End PBXFileReference section */

/* Begin PBXFrameworksBuildPhase section */
		52AF602721955F0000232132 /* Frameworks */ = {
			isa = PBXFrameworksBuildPhase;
			buildActionMask = 2147483647;
			files = (
			);
			runOnlyForDeploymentPostprocessing = 0;
		};
		52AF603F21955F0200232132 /* Frameworks */ = {
			isa = PBXFrameworksBuildPhase;
			buildActionMask = 2147483647;
			files = (
			);
			runOnlyForDeploymentPostprocessing = 0;
		};
		52AF604A21955F0200232132 /* Frameworks */ = {
			isa = PBXFrameworksBuildPhase;
			buildActionMask = 2147483647;
			files = (
			);
			runOnlyForDeploymentPostprocessing = 0;
		};
/* End PBXFrameworksBuildPhase section */

/* Begin PBXGroup section */
		52AF602121955F0000232132 = {
			isa = PBXGroup;
			children = (
				52AF602C21955F0000232132 /* SPProgressView */,
				52AF604521955F0200232132 /* SPProgressViewTests */,
				52AF605021955F0200232132 /* SPProgressViewUITests */,
				52AF602B21955F0000232132 /* Products */,
			);
			sourceTree = "<group>";
		};
		52AF602B21955F0000232132 /* Products */ = {
			isa = PBXGroup;
			children = (
				52AF602A21955F0000232132 /* SPProgressView.app */,
				52AF604221955F0200232132 /* SPProgressViewTests.xctest */,
				52AF604D21955F0200232132 /* SPProgressViewUITests.xctest */,
			);
			name = Products;
			sourceTree = "<group>";
		};
		52AF602C21955F0000232132 /* SPProgressView */ = {
			isa = PBXGroup;
			children = (
				52AF605F219561F700232132 /* SPProgressView */,
				52AF602D21955F0000232132 /* AppDelegate.h */,
				52AF602E21955F0000232132 /* AppDelegate.m */,
				52AF603021955F0000232132 /* ViewController.h */,
				52AF603121955F0000232132 /* ViewController.m */,
				52AF603321955F0000232132 /* Main.storyboard */,
				52AF603621955F0200232132 /* Assets.xcassets */,
				52AF603821955F0200232132 /* LaunchScreen.storyboard */,
				52AF603B21955F0200232132 /* Info.plist */,
				52AF603C21955F0200232132 /* main.m */,
				52AF6066219576BB00232132 /* MBProgressHUD */,
			);
			path = SPProgressView;
			sourceTree = "<group>";
		};
		52AF604521955F0200232132 /* SPProgressViewTests */ = {
			isa = PBXGroup;
			children = (
				52AF604621955F0200232132 /* SPProgressViewTests.m */,
				52AF604821955F0200232132 /* Info.plist */,
			);
			path = SPProgressViewTests;
			sourceTree = "<group>";
		};
		52AF605021955F0200232132 /* SPProgressViewUITests */ = {
			isa = PBXGroup;
			children = (
				52AF605121955F0200232132 /* SPProgressViewUITests.m */,
				52AF605321955F0200232132 /* Info.plist */,
			);
			path = SPProgressViewUITests;
			sourceTree = "<group>";
		};
		52AF605F219561F700232132 /* SPProgressView */ = {
			isa = PBXGroup;
			children = (
				52AF60602195621900232132 /* SPBarProgressView.h */,
				52AF60612195621900232132 /* SPBarProgressView.m */,
			);
			path = SPProgressView;
			sourceTree = "<group>";
		};
		52AF6066219576BB00232132 /* MBProgressHUD */ = {
			isa = PBXGroup;
			children = (
				52AF6068219576BB00232132 /* LICENSE */,
				52AF6069219576BB00232132 /* MBProgressHUD.h */,
				52AF6067219576BB00232132 /* MBProgressHUD.m */,
				52AF606A219576BB00232132 /* README.mdown */,
			);
			path = MBProgressHUD;
			sourceTree = "<group>";
		};
/* End PBXGroup section */

/* Begin PBXNativeTarget section */
		52AF602921955F0000232132 /* SPProgressView */ = {
			isa = PBXNativeTarget;
			buildConfigurationList = 52AF605621955F0200232132 /* Build configuration list for PBXNativeTarget "SPProgressView" */;
			buildPhases = (
				52AF602621955F0000232132 /* Sources */,
				52AF602721955F0000232132 /* Frameworks */,
				52AF602821955F0000232132 /* Resources */,
			);
			buildRules = (
			);
			dependencies = (
			);
			name = SPProgressView;
			productName = SPProgressView;
			productReference = 52AF602A21955F0000232132 /* SPProgressView.app */;
			productType = "com.apple.product-type.application";
		};
		52AF604121955F0200232132 /* SPProgressViewTests */ = {
			isa = PBXNativeTarget;
			buildConfigurationList = 52AF605921955F0200232132 /* Build configuration list for PBXNativeTarget "SPProgressViewTests" */;
			buildPhases = (
				52AF603E21955F0200232132 /* Sources */,
				52AF603F21955F0200232132 /* Frameworks */,
				52AF604021955F0200232132 /* Resources */,
			);
			buildRules = (
			);
			dependencies = (
				52AF604421955F0200232132 /* PBXTargetDependency */,
			);
			name = SPProgressViewTests;
			productName = SPProgressViewTests;
			productReference = 52AF604221955F0200232132 /* SPProgressViewTests.xctest */;
			productType = "com.apple.product-type.bundle.unit-test";
		};
		52AF604C21955F0200232132 /* SPProgressViewUITests */ = {
			isa = PBXNativeTarget;
			buildConfigurationList = 52AF605C21955F0200232132 /* Build configuration list for PBXNativeTarget "SPProgressViewUITests" */;
			buildPhases = (
				52AF604921955F0200232132 /* Sources */,
				52AF604A21955F0200232132 /* Frameworks */,
				52AF604B21955F0200232132 /* Resources */,
			);
			buildRules = (
			);
			dependencies = (
				52AF604F21955F0200232132 /* PBXTargetDependency */,
			);
			name = SPProgressViewUITests;
			productName = SPProgressViewUITests;
			productReference = 52AF604D21955F0200232132 /* SPProgressViewUITests.xctest */;
			productType = "com.apple.product-type.bundle.ui-testing";
		};
/* End PBXNativeTarget section */

/* Begin PBXProject section */
		52AF602221955F0000232132 /* Project object */ = {
			isa = PBXProject;
			attributes = {
				LastUpgradeCheck = 1000;
				ORGANIZATIONNAME = "乐升平";
				TargetAttributes = {
					52AF602921955F0000232132 = {
						CreatedOnToolsVersion = 10.0;
					};
					52AF604121955F0200232132 = {
						CreatedOnToolsVersion = 10.0;
						TestTargetID = 52AF602921955F0000232132;
					};
					52AF604C21955F0200232132 = {
						CreatedOnToolsVersion = 10.0;
						TestTargetID = 52AF602921955F0000232132;
					};
				};
			};
			buildConfigurationList = 52AF602521955F0000232132 /* Build configuration list for PBXProject "SPProgressView" */;
			compatibilityVersion = "Xcode 9.3";
			developmentRegion = en;
			hasScannedForEncodings = 0;
			knownRegions = (
				en,
				Base,
			);
			mainGroup = 52AF602121955F0000232132;
			productRefGroup = 52AF602B21955F0000232132 /* Products */;
			projectDirPath = "";
			projectRoot = "";
			targets = (
				52AF602921955F0000232132 /* SPProgressView */,
				52AF604121955F0200232132 /* SPProgressViewTests */,
				52AF604C21955F0200232132 /* SPProgressViewUITests */,
			);
		};
/* End PBXProject section */

/* Begin PBXResourcesBuildPhase section */
		52AF602821955F0000232132 /* Resources */ = {
			isa = PBXResourcesBuildPhase;
			buildActionMask = 2147483647;
			files = (
				52AF603A21955F0200232132 /* LaunchScreen.storyboard in Resources */,
				52AF603721955F0200232132 /* Assets.xcassets in Resources */,
				52AF606C219576BB00232132 /* LICENSE in Resources */,
				52AF603521955F0000232132 /* Main.storyboard in Resources */,
				52AF606D219576BB00232132 /* README.mdown in Resources */,
			);
			runOnlyForDeploymentPostprocessing = 0;
		};
		52AF604021955F0200232132 /* Resources */ = {
			isa = PBXResourcesBuildPhase;
			buildActionMask = 2147483647;
			files = (
			);
			runOnlyForDeploymentPostprocessing = 0;
		};
		52AF604B21955F0200232132 /* Resources */ = {
			isa = PBXResourcesBuildPhase;
			buildActionMask = 2147483647;
			files = (
			);
			runOnlyForDeploymentPostprocessing = 0;
		};
/* End PBXResourcesBuildPhase section */

/* Begin PBXSourcesBuildPhase section */
		52AF602621955F0000232132 /* Sources */ = {
			isa = PBXSourcesBuildPhase;
			buildActionMask = 2147483647;
			files = (
				52AF603221955F0000232132 /* ViewController.m in Sources */,
				52AF603D21955F0200232132 /* main.m in Sources */,
				52AF606B219576BB00232132 /* MBProgressHUD.m in Sources */,
				52AF602F21955F0000232132 /* AppDelegate.m in Sources */,
				52AF60622195621900232132 /* SPBarProgressView.m in Sources */,
			);
			runOnlyForDeploymentPostprocessing = 0;
		};
		52AF603E21955F0200232132 /* Sources */ = {
			isa = PBXSourcesBuildPhase;
			buildActionMask = 2147483647;
			files = (
				52AF604721955F0200232132 /* SPProgressViewTests.m in Sources */,
			);
			runOnlyForDeploymentPostprocessing = 0;
		};
		52AF604921955F0200232132 /* Sources */ = {
			isa = PBXSourcesBuildPhase;
			buildActionMask = 2147483647;
			files = (
				52AF605221955F0200232132 /* SPProgressViewUITests.m in Sources */,
			);
			runOnlyForDeploymentPostprocessing = 0;
		};
/* End PBXSourcesBuildPhase section */

/* Begin PBXTargetDependency section */
		52AF604421955F0200232132 /* PBXTargetDependency */ = {
			isa = PBXTargetDependency;
			target = 52AF602921955F0000232132 /* SPProgressView */;
			targetProxy = 52AF604321955F0200232132 /* PBXContainerItemProxy */;
		};
		52AF604F21955F0200232132 /* PBXTargetDependency */ = {
			isa = PBXTargetDependency;
			target = 52AF602921955F0000232132 /* SPProgressView */;
			targetProxy = 52AF604E21955F0200232132 /* PBXContainerItemProxy */;
		};
/* End PBXTargetDependency section */

/* Begin PBXVariantGroup section */
		52AF603321955F0000232132 /* Main.storyboard */ = {
			isa = PBXVariantGroup;
			children = (
				52AF603421955F0000232132 /* Base */,
			);
			name = Main.storyboard;
			sourceTree = "<group>";
		};
		52AF603821955F0200232132 /* LaunchScreen.storyboard */ = {
			isa = PBXVariantGroup;
			children = (
				52AF603921955F0200232132 /* Base */,
			);
			name = LaunchScreen.storyboard;
			sourceTree = "<group>";
		};
/* End PBXVariantGroup section */

/* Begin XCBuildConfiguration section */
		52AF605421955F0200232132 /* Debug */ = {
			isa = XCBuildConfiguration;
			buildSettings = {
				ALWAYS_SEARCH_USER_PATHS = NO;
				CLANG_ANALYZER_NONNULL = YES;
				CLANG_ANALYZER_NUMBER_OBJECT_CONVERSION = YES_AGGRESSIVE;
				CLANG_CXX_LANGUAGE_STANDARD = "gnu++14";
				CLANG_CXX_LIBRARY = "libc++";
				CLANG_ENABLE_MODULES = YES;
				CLANG_ENABLE_OBJC_ARC = YES;
				CLANG_ENABLE_OBJC_WEAK = YES;
				CLANG_WARN_BLOCK_CAPTURE_AUTORELEASING = YES;
				CLANG_WARN_BOOL_CONVERSION = YES;
				CLANG_WARN_COMMA = YES;
				CLANG_WARN_CONSTANT_CONVERSION = YES;
				CLANG_WARN_DEPRECATED_OBJC_IMPLEMENTATIONS = YES;
				CLANG_WARN_DIRECT_OBJC_ISA_USAGE = YES_ERROR;
				CLANG_WARN_DOCUMENTATION_COMMENTS = YES;
				CLANG_WARN_EMPTY_BODY = YES;
				CLANG_WARN_ENUM_CONVERSION = YES;
				CLANG_WARN_INFINITE_RECURSION = YES;
				CLANG_WARN_INT_CONVERSION = YES;
				CLANG_WARN_NON_LITERAL_NULL_CONVERSION = YES;
				CLANG_WARN_OBJC_IMPLICIT_RETAIN_SELF = YES;
				CLANG_WARN_OBJC_LITERAL_CONVERSION = YES;
				CLANG_WARN_OBJC_ROOT_CLASS = YES_ERROR;
				CLANG_WARN_RANGE_LOOP_ANALYSIS = YES;
				CLANG_WARN_STRICT_PROTOTYPES = YES;
				CLANG_WARN_SUSPICIOUS_MOVE = YES;
				CLANG_WARN_UNGUARDED_AVAILABILITY = YES_AGGRESSIVE;
				CLANG_WARN_UNREACHABLE_CODE = YES;
				CLANG_WARN__DUPLICATE_METHOD_MATCH = YES;
				CODE_SIGN_IDENTITY = "iPhone Developer";
				COPY_PHASE_STRIP = NO;
				DEBUG_INFORMATION_FORMAT = dwarf;
				ENABLE_STRICT_OBJC_MSGSEND = YES;
				ENABLE_TESTABILITY = YES;
				GCC_C_LANGUAGE_STANDARD = gnu11;
				GCC_DYNAMIC_NO_PIC = NO;
				GCC_NO_COMMON_BLOCKS = YES;
				GCC_OPTIMIZATION_LEVEL = 0;
				GCC_PREPROCESSOR_DEFINITIONS = (
					"DEBUG=1",
					"$(inherited)",
				);
				GCC_WARN_64_TO_32_BIT_CONVERSION = YES;
				GCC_WARN_ABOUT_RETURN_TYPE = YES_ERROR;
				GCC_WARN_UNDECLARED_SELECTOR = YES;
				GCC_WARN_UNINITIALIZED_AUTOS = YES_AGGRESSIVE;
				GCC_WARN_UNUSED_FUNCTION = YES;
				GCC_WARN_UNUSED_VARIABLE = YES;
				IPHONEOS_DEPLOYMENT_TARGET = 12.0;
				MTL_ENABLE_DEBUG_INFO = INCLUDE_SOURCE;
				MTL_FAST_MATH = YES;
				ONLY_ACTIVE_ARCH = YES;
				SDKROOT = iphoneos;
			};
			name = Debug;
		};
		52AF605521955F0200232132 /* Release */ = {
			isa = XCBuildConfiguration;
			buildSettings = {
				ALWAYS_SEARCH_USER_PATHS = NO;
				CLANG_ANALYZER_NONNULL = YES;
				CLANG_ANALYZER_NUMBER_OBJECT_CONVERSION = YES_AGGRESSIVE;
				CLANG_CXX_LANGUAGE_STANDARD = "gnu++14";
				CLANG_CXX_LIBRARY = "libc++";
				CLANG_ENABLE_MODULES = YES;
				CLANG_ENABLE_OBJC_ARC = YES;
				CLANG_ENABLE_OBJC_WEAK = YES;
				CLANG_WARN_BLOCK_CAPTURE_AUTORELEASING = YES;
				CLANG_WARN_BOOL_CONVERSION = YES;
				CLANG_WARN_COMMA = YES;
				CLANG_WARN_CONSTANT_CONVERSION = YES;
				CLANG_WARN_DEPRECATED_OBJC_IMPLEMENTATIONS = YES;
				CLANG_WARN_DIRECT_OBJC_ISA_USAGE = YES_ERROR;
				CLANG_WARN_DOCUMENTATION_COMMENTS = YES;
				CLANG_WARN_EMPTY_BODY = YES;
				CLANG_WARN_ENUM_CONVERSION = YES;
				CLANG_WARN_INFINITE_RECURSION = YES;
				CLANG_WARN_INT_CONVERSION = YES;
				CLANG_WARN_NON_LITERAL_NULL_CONVERSION = YES;
				CLANG_WARN_OBJC_IMPLICIT_RETAIN_SELF = YES;
				CLANG_WARN_OBJC_LITERAL_CONVERSION = YES;
				CLANG_WARN_OBJC_ROOT_CLASS = YES_ERROR;
				CLANG_WARN_RANGE_LOOP_ANALYSIS = YES;
				CLANG_WARN_STRICT_PROTOTYPES = YES;
				CLANG_WARN_SUSPICIOUS_MOVE = YES;
				CLANG_WARN_UNGUARDED_AVAILABILITY = YES_AGGRESSIVE;
				CLANG_WARN_UNREACHABLE_CODE = YES;
				CLANG_WARN__DUPLICATE_METHOD_MATCH = YES;
				CODE_SIGN_IDENTITY = "iPhone Developer";
				COPY_PHASE_STRIP = NO;
				DEBUG_INFORMATION_FORMAT = "dwarf-with-dsym";
				ENABLE_NS_ASSERTIONS = NO;
				ENABLE_STRICT_OBJC_MSGSEND = YES;
				GCC_C_LANGUAGE_STANDARD = gnu11;
				GCC_NO_COMMON_BLOCKS = YES;
				GCC_WARN_64_TO_32_BIT_CONVERSION = YES;
				GCC_WARN_ABOUT_RETURN_TYPE = YES_ERROR;
				GCC_WARN_UNDECLARED_SELECTOR = YES;
				GCC_WARN_UNINITIALIZED_AUTOS = YES_AGGRESSIVE;
				GCC_WARN_UNUSED_FUNCTION = YES;
				GCC_WARN_UNUSED_VARIABLE = YES;
				IPHONEOS_DEPLOYMENT_TARGET = 12.0;
				MTL_ENABLE_DEBUG_INFO = NO;
				MTL_FAST_MATH = YES;
				SDKROOT = iphoneos;
				VALIDATE_PRODUCT = YES;
			};
			name = Release;
		};
		52AF605721955F0200232132 /* Debug */ = {
			isa = XCBuildConfiguration;
			buildSettings = {
				ASSETCATALOG_COMPILER_APPICON_NAME = AppIcon;
				CODE_SIGN_STYLE = Automatic;
				DEVELOPMENT_TEAM = MP8K63J94Y;
				INFOPLIST_FILE = SPProgressView/Info.plist;
				LD_RUNPATH_SEARCH_PATHS = (
					"$(inherited)",
					"@executable_path/Frameworks",
				);
				PRODUCT_BUNDLE_IDENTIFIER = com.idress.SPProgressView;
				PRODUCT_NAME = "$(TARGET_NAME)";
				TARGETED_DEVICE_FAMILY = "1,2";
			};
			name = Debug;
		};
		52AF605821955F0200232132 /* Release */ = {
			isa = XCBuildConfiguration;
			buildSettings = {
				ASSETCATALOG_COMPILER_APPICON_NAME = AppIcon;
				CODE_SIGN_STYLE = Automatic;
				DEVELOPMENT_TEAM = MP8K63J94Y;
				INFOPLIST_FILE = SPProgressView/Info.plist;
				LD_RUNPATH_SEARCH_PATHS = (
					"$(inherited)",
					"@executable_path/Frameworks",
				);
				PRODUCT_BUNDLE_IDENTIFIER = com.idress.SPProgressView;
				PRODUCT_NAME = "$(TARGET_NAME)";
				TARGETED_DEVICE_FAMILY = "1,2";
			};
			name = Release;
		};
		52AF605A21955F0200232132 /* Debug */ = {
			isa = XCBuildConfiguration;
			buildSettings = {
				BUNDLE_LOADER = "$(TEST_HOST)";
				CODE_SIGN_STYLE = Automatic;
				INFOPLIST_FILE = SPProgressViewTests/Info.plist;
				LD_RUNPATH_SEARCH_PATHS = (
					"$(inherited)",
					"@executable_path/Frameworks",
					"@loader_path/Frameworks",
				);
				PRODUCT_BUNDLE_IDENTIFIER = com.idress.SPProgressViewTests;
				PRODUCT_NAME = "$(TARGET_NAME)";
				TARGETED_DEVICE_FAMILY = "1,2";
				TEST_HOST = "$(BUILT_PRODUCTS_DIR)/SPProgressView.app/SPProgressView";
			};
			name = Debug;
		};
		52AF605B21955F0200232132 /* Release */ = {
			isa = XCBuildConfiguration;
			buildSettings = {
				BUNDLE_LOADER = "$(TEST_HOST)";
				CODE_SIGN_STYLE = Automatic;
				INFOPLIST_FILE = SPProgressViewTests/Info.plist;
				LD_RUNPATH_SEARCH_PATHS = (
					"$(inherited)",
					"@executable_path/Frameworks",
					"@loader_path/Frameworks",
				);
				PRODUCT_BUNDLE_IDENTIFIER = com.idress.SPProgressViewTests;
				PRODUCT_NAME = "$(TARGET_NAME)";
				TARGETED_DEVICE_FAMILY = "1,2";
				TEST_HOST = "$(BUILT_PRODUCTS_DIR)/SPProgressView.app/SPProgressView";
			};
			name = Release;
		};
		52AF605D21955F0200232132 /* Debug */ = {
			isa = XCBuildConfiguration;
			buildSettings = {
				CODE_SIGN_STYLE = Automatic;
				INFOPLIST_FILE = SPProgressViewUITests/Info.plist;
				LD_RUNPATH_SEARCH_PATHS = (
					"$(inherited)",
					"@executable_path/Frameworks",
					"@loader_path/Frameworks",
				);
				PRODUCT_BUNDLE_IDENTIFIER = com.idress.SPProgressViewUITests;
				PRODUCT_NAME = "$(TARGET_NAME)";
				TARGETED_DEVICE_FAMILY = "1,2";
				TEST_TARGET_NAME = SPProgressView;
			};
			name = Debug;
		};
		52AF605E21955F0200232132 /* Release */ = {
			isa = XCBuildConfiguration;
			buildSettings = {
				CODE_SIGN_STYLE = Automatic;
				INFOPLIST_FILE = SPProgressViewUITests/Info.plist;
				LD_RUNPATH_SEARCH_PATHS = (
					"$(inherited)",
					"@executable_path/Frameworks",
					"@loader_path/Frameworks",
				);
				PRODUCT_BUNDLE_IDENTIFIER = com.idress.SPProgressViewUITests;
				PRODUCT_NAME = "$(TARGET_NAME)";
				TARGETED_DEVICE_FAMILY = "1,2";
				TEST_TARGET_NAME = SPProgressView;
			};
			name = Release;
		};
/* End XCBuildConfiguration section */

/* Begin XCConfigurationList section */
		52AF602521955F0000232132 /* Build configuration list for PBXProject "SPProgressView" */ = {
			isa = XCConfigurationList;
			buildConfigurations = (
				52AF605421955F0200232132 /* Debug */,
				52AF605521955F0200232132 /* Release */,
			);
			defaultConfigurationIsVisible = 0;
			defaultConfigurationName = Release;
		};
		52AF605621955F0200232132 /* Build configuration list for PBXNativeTarget "SPProgressView" */ = {
			isa = XCConfigurationList;
			buildConfigurations = (
				52AF605721955F0200232132 /* Debug */,
				52AF605821955F0200232132 /* Release */,
			);
			defaultConfigurationIsVisible = 0;
			defaultConfigurationName = Release;
		};
		52AF605921955F0200232132 /* Build configuration list for PBXNativeTarget "SPProgressViewTests" */ = {
			isa = XCConfigurationList;
			buildConfigurations = (
				52AF605A21955F0200232132 /* Debug */,
				52AF605B21955F0200232132 /* Release */,
			);
			defaultConfigurationIsVisible = 0;
			defaultConfigurationName = Release;
		};
		52AF605C21955F0200232132 /* Build configuration list for PBXNativeTarget "SPProgressViewUITests" */ = {
			isa = XCConfigurationList;
			buildConfigurations = (
				52AF605D21955F0200232132 /* Debug */,
				52AF605E21955F0200232132 /* Release */,
			);
			defaultConfigurationIsVisible = 0;
			defaultConfigurationName = Release;
		};
/* End XCConfigurationList section */
	};
	rootObject = 52AF602221955F0000232132 /* Project object */;
}
